
Microsoft Visual Studio Solution File, Format Version 12.00
# Visual Studio Version 17
VisualStudioVersion = 17.10.34928.147
MinimumVisualStudioVersion = 10.0.40219.1
Project("{FAE04EC0-301F-11D3-BF4B-00C04F79EFBC}") = "Svetafor", "Svetafor.csproj", "{6E5E8024-3402-4578-9B90-31A1853B2BAA}"
EndProject
Global
	GlobalSection(SolutionConfigurationPlatforms) = preSolution
		Debug|Any CPU = Debug|Any CPU
		Release|Any CPU = Release|Any CPU
	EndGlobalSection
	GlobalSection(ProjectConfigurationPlatforms) = postSolution
		{6E5E8024-3402-4578-9B90-31A1853B2BAA}.Debug|Any CPU.ActiveCfg = Debug|Any CPU
		{6E5E8024-3402-4578-9B90-31A1853B2BAA}.Debug|Any CPU.Build.0 = Debug|Any CPU
		{6E5E8024-3402-4578-9B90-31A1853B2BAA}.Release|Any CPU.ActiveCfg = Release|Any CPU
		{6E5E8024-3402-4578-9B90-31A1853B2BAA}.Release|Any CPU.Build.0 = Release|Any CPU
	EndGlobalSection
	GlobalSection(SolutionProperties) = preSolution
		HideSolutionNode = FALSE
	EndGlobalSection
	GlobalSection(ExtensibilityGlobals) = postSolution
		SolutionGuid = {4C76B4D8-AA00-491A-8408-D1067FC73A47}
	EndGlobalSection
EndGlobal
